
Microsoft Visual Studio Solution File, Format Version 12.00
# Visual Studio Version 16
VisualStudioVersion = 16.0.29609.76
MinimumVisualStudioVersion = 10.0.40219.1
Project("{FAE04EC0-301F-11D3-BF4B-00C04F79EFBC}") = "FinalHoverboardTest", "FinalHoverboardTest\FinalHoverboardTest.csproj", "{3BFFB719-379C-43CC-A90A-996BFF3E4F53}"
EndProject
Global
	GlobalSection(SolutionConfigurationPlatforms) = preSolution
		Debug|Any CPU = Debug|Any CPU
		Release|Any CPU = Release|Any CPU
	EndGlobalSection
	GlobalSection(ProjectConfigurationPlatforms) = postSolution
		{3BFFB719-379C-43CC-A90A-996BFF3E4F53}.Debug|Any CPU.ActiveCfg = Debug|Any CPU
		{3BFFB719-379C-43CC-A90A-996BFF3E4F53}.Debug|Any CPU.Build.0 = Debug|Any CPU
		{3BFFB719-379C-43CC-A90A-996BFF3E4F53}.Release|Any CPU.ActiveCfg = Release|Any CPU
		{3BFFB719-379C-43CC-A90A-996BFF3E4F53}.Release|Any CPU.Build.0 = Release|Any CPU
	EndGlobalSection
	GlobalSection(SolutionProperties) = preSolution
		HideSolutionNode = FALSE
	EndGlobalSection
	GlobalSection(ExtensibilityGlobals) = postSolution
		SolutionGuid = {520D5E8D-90A7-42A5-8A1F-BFAE90856E46}
	EndGlobalSection
EndGlobal
